
Microsoft Visual Studio Solution File, Format Version 12.00
# Visual Studio Version 16
VisualStudioVersion = 16.0.31205.134
MinimumVisualStudioVersion = 10.0.40219.1
Project("{FAE04EC0-301F-11D3-BF4B-00C04F79EFBC}") = "Loja_Suplemento", "Loja_Suplemento\Loja_Suplemento.csproj", "{15C378A7-2591-4E41-BD27-F94B621E2016}"
EndProject
Global
	GlobalSection(SolutionConfigurationPlatforms) = preSolution
		Debug|Any CPU = Debug|Any CPU
		Release|Any CPU = Release|Any CPU
	EndGlobalSection
	GlobalSection(ProjectConfigurationPlatforms) = postSolution
		{15C378A7-2591-4E41-BD27-F94B621E2016}.Debug|Any CPU.ActiveCfg = Debug|Any CPU
		{15C378A7-2591-4E41-BD27-F94B621E2016}.Debug|Any CPU.Build.0 = Debug|Any CPU
		{15C378A7-2591-4E41-BD27-F94B621E2016}.Release|Any CPU.ActiveCfg = Release|Any CPU
		{15C378A7-2591-4E41-BD27-F94B621E2016}.Release|Any CPU.Build.0 = Release|Any CPU
	EndGlobalSection
	GlobalSection(SolutionProperties) = preSolution
		HideSolutionNode = FALSE
	EndGlobalSection
	GlobalSection(ExtensibilityGlobals) = postSolution
		SolutionGuid = {1FC30548-FA4A-4A95-AFAE-A9DF1D3EFF43}
	EndGlobalSection
EndGlobal
